// !$*UTF8*$!
{
	archiveVersion = 1;
	classes = {
	};
	objectVersion = 46;
	objects = {

/* Begin PBXBuildFile section */
		3DB8B9AD1A9282E200D2261A /* AppDelegate.swift in Sources */ = {isa = PBXBuildFile; fileRef = 3DB8B9AC1A9282E200D2261A /* AppDelegate.swift */; };
		3DB8B9AF1A9282E200D2261A /* ViewController.swift in Sources */ = {isa = PBXBuildFile; fileRef = 3DB8B9AE1A9282E200D2261A /* ViewController.swift */; };
		3DB8B9B21A9282E200D2261A /* Main.storyboard in Resources */ = {isa = PBXBuildFile; fileRef = 3DB8B9B01A9282E200D2261A /* Main.storyboard */; };
		3DB8B9B41A9282E200D2261A /* Images.xcassets in Resources */ = {isa = PBXBuildFile; fileRef = 3DB8B9B31A9282E200D2261A /* Images.xcassets */; };
		3DB8B9B71A9282E200D2261A /* LaunchScreen.xib in Resources */ = {isa = PBXBuildFile; fileRef = 3DB8B9B51A9282E200D2261A /* LaunchScreen.xib */; };
		3DB8B9C31A9282E200D2261A /* EventtusTestTests.swift in Sources */ = {isa = PBXBuildFile; fileRef = 3DB8B9C21A9282E200D2261A /* EventtusTestTests.swift */; };
/* End PBXBuildFile section */

/* Begin PBXContainerItemProxy section */
		3DB8B9BD1A9282E200D2261A /* PBXContainerItemProxy */ = {
			isa = PBXContainerItemProxy;
			containerPortal = 3DB8B99F1A9282E100D2261A /* Project object */;
			proxyType = 1;
			remoteGlobalIDString = 3DB8B9A61A9282E100D2261A;
			remoteInfo = EventtusTest;
		};
/* End PBXContainerItemProxy section */

/* Begin PBXFileReference section */
		3DB8B9A71A9282E200D2261A /* EventtusTest.app */ = {isa = PBXFileReference; explicitFileType = wrapper.application; includeInIndex = 0; path = EventtusTest.app; sourceTree = BUILT_PRODUCTS_DIR; };
		3DB8B9AB1A9282E200D2261A /* Info.plist */ = {isa = PBXFileReference; lastKnownFileType = text.plist.xml; path = Info.plist; sourceTree = "<group>"; };
		3DB8B9AC1A9282E200D2261A /* AppDelegate.swift */ = {isa = PBXFileReference; lastKnownFileType = sourcecode.swift; path = AppDelegate.swift; sourceTree = "<group>"; };
		3DB8B9AE1A9282E200D2261A /* ViewController.swift */ = {isa = PBXFileReference; lastKnownFileType = sourcecode.swift; path = ViewController.swift; sourceTree = "<group>"; };
		3DB8B9B11A9282E200D2261A /* Base */ = {isa = PBXFileReference; lastKnownFileType = file.storyboard; name = Base; path = Base.lproj/Main.storyboard; sourceTree = "<group>"; };
		3DB8B9B31A9282E200D2261A /* Images.xcassets */ = {isa = PBXFileReference; lastKnownFileType = folder.assetcatalog; path = Images.xcassets; sourceTree = "<group>"; };
		3DB8B9B61A9282E200D2261A /* Base */ = {isa = PBXFileReference; lastKnownFileType = file.xib; name = Base; path = Base.lproj/LaunchScreen.xib; sourceTree = "<group>"; };
		3DB8B9BC1A9282E200D2261A /* EventtusTestTests.xctest */ = {isa = PBXFileReference; explicitFileType = wrapper.cfbundle; includeInIndex = 0; path = EventtusTestTests.xctest; sourceTree = BUILT_PRODUCTS_DIR; };
		3DB8B9C11A9282E200D2261A /* Info.plist */ = {isa = PBXFileReference; lastKnownFileType = text.plist.xml; path = Info.plist; sourceTree = "<group>"; };
		3DB8B9C21A9282E200D2261A /* EventtusTestTests.swift */ = {isa = PBXFileReference; lastKnownFileType = sourcecode.swift; path = EventtusTestTests.swift; sourceTree = "<group>"; };
/* End PBXFileReference section */

/* Begin PBXFrameworksBuildPhase section */
		3DB8B9A41A9282E100D2261A /* Frameworks */ = {
			isa = PBXFrameworksBuildPhase;
			buildActionMask = 2147483647;
			files = (
			);
			runOnlyForDeploymentPostprocessing = 0;
		};
		3DB8B9B91A9282E200D2261A /* Frameworks */ = {
			isa = PBXFrameworksBuildPhase;
			buildActionMask = 2147483647;
			files = (
			);
			runOnlyForDeploymentPostprocessing = 0;
		};
/* End PBXFrameworksBuildPhase section */

/* Begin PBXGroup section */
		3DB8B99E1A9282E100D2261A = {
			isa = PBXGroup;
			children = (
				3DB8B9A91A9282E200D2261A /* EventtusTest */,
				3DB8B9BF1A9282E200D2261A /* EventtusTestTests */,
				3DB8B9A81A9282E200D2261A /* Products */,
			);
			sourceTree = "<group>";
		};
		3DB8B9A81A9282E200D2261A /* Products */ = {
			isa = PBXGroup;
			children = (
				3DB8B9A71A9282E200D2261A /* EventtusTest.app */,
				3DB8B9BC1A9282E200D2261A /* EventtusTestTests.xctest */,
			);
			name = Products;
			sourceTree = "<group>";
		};
		3DB8B9A91A9282E200D2261A /* EventtusTest */ = {
			isa = PBXGroup;
			children = (
				3DB8B9AC1A9282E200D2261A /* AppDelegate.swift */,
				3DB8B9AE1A9282E200D2261A /* ViewController.swift */,
				3DB8B9B01A9282E200D2261A /* Main.storyboard */,
				3DB8B9B31A9282E200D2261A /* Images.xcassets */,
				3DB8B9B51A9282E200D2261A /* LaunchScreen.xib */,
				3DB8B9AA1A9282E200D2261A /* Supporting Files */,
			);
			path = EventtusTest;
			sourceTree = "<group>";
		};
		3DB8B9AA1A9282E200D2261A /* Supporting Files */ = {
			isa = PBXGroup;
			children = (
				3DB8B9AB1A9282E200D2261A /* Info.plist */,
			);
			name = "Supporting Files";
			sourceTree = "<group>";
		};
		3DB8B9BF1A9282E200D2261A /* EventtusTestTests */ = {
			isa = PBXGroup;
			children = (
				3DB8B9C21A9282E200D2261A /* EventtusTestTests.swift */,
				3DB8B9C01A9282E200D2261A /* Supporting Files */,
			);
			path = EventtusTestTests;
			sourceTree = "<group>";
		};
		3DB8B9C01A9282E200D2261A /* Supporting Files */ = {
			isa = PBXGroup;
			children = (
				3DB8B9C11A9282E200D2261A /* Info.plist */,
			);
			name = "Supporting Files";
			sourceTree = "<group>";
		};
/* End PBXGroup section */

/* Begin PBXNativeTarget section */
		3DB8B9A61A9282E100D2261A /* EventtusTest */ = {
			isa = PBXNativeTarget;
			buildConfigurationList = 3DB8B9C61A9282E200D2261A /* Build configuration list for PBXNativeTarget "EventtusTest" */;
			buildPhases = (
				3DB8B9A31A9282E100D2261A /* Sources */,
				3DB8B9A41A9282E100D2261A /* Frameworks */,
				3DB8B9A51A9282E100D2261A /* Resources */,
			);
			buildRules = (
			);
			dependencies = (
			);
			name = EventtusTest;
			productName = EventtusTest;
			productReference = 3DB8B9A71A9282E200D2261A /* EventtusTest.app */;
			productType = "com.apple.product-type.application";
		};
		3DB8B9BB1A9282E200D2261A /* EventtusTestTests */ = {
			isa = PBXNativeTarget;
			buildConfigurationList = 3DB8B9C91A9282E200D2261A /* Build configuration list for PBXNativeTarget "EventtusTestTests" */;
			buildPhases = (
				3DB8B9B81A9282E200D2261A /* Sources */,
				3DB8B9B91A9282E200D2261A /* Frameworks */,
				3DB8B9BA1A9282E200D2261A /* Resources */,
			);
			buildRules = (
			);
			dependencies = (
				3DB8B9BE1A9282E200D2261A /* PBXTargetDependency */,
			);
			name = EventtusTestTests;
			productName = EventtusTestTests;
			productReference = 3DB8B9BC1A9282E200D2261A /* EventtusTestTests.xctest */;
			productType = "com.apple.product-type.bundle.unit-test";
		};
/* End PBXNativeTarget section */

/* Begin PBXProject section */
		3DB8B99F1A9282E100D2261A /* Project object */ = {
			isa = PBXProject;
			attributes = {
				LastUpgradeCheck = 0610;
				ORGANIZATIONNAME = AhmedHamdy;
				TargetAttributes = {
					3DB8B9A61A9282E100D2261A = {
						CreatedOnToolsVersion = 6.1;
					};
					3DB8B9BB1A9282E200D2261A = {
						CreatedOnToolsVersion = 6.1;
						TestTargetID = 3DB8B9A61A9282E100D2261A;
					};
				};
			};
			buildConfigurationList = 3DB8B9A21A9282E100D2261A /* Build configuration list for PBXProject "EventtusTest" */;
			compatibilityVersion = "Xcode 3.2";
			developmentRegion = English;
			hasScannedForEncodings = 0;
			knownRegions = (
				en,
				Base,
			);
			mainGroup = 3DB8B99E1A9282E100D2261A;
			productRefGroup = 3DB8B9A81A9282E200D2261A /* Products */;
			projectDirPath = "";
			projectRoot = "";
			targets = (
				3DB8B9A61A9282E100D2261A /* EventtusTest */,
				3DB8B9BB1A9282E200D2261A /* EventtusTestTests */,
			);
		};
/* End PBXProject section */

/* Begin PBXResourcesBuildPhase section */
		3DB8B9A51A9282E100D2261A /* Resources */ = {
			isa = PBXResourcesBuildPhase;
			buildActionMask = 2147483647;
			files = (
				3DB8B9B21A9282E200D2261A /* Main.storyboard in Resources */,
				3DB8B9B71A9282E200D2261A /* LaunchScreen.xib in Resources */,
				3DB8B9B41A9282E200D2261A /* Images.xcassets in Resources */,
			);
			runOnlyForDeploymentPostprocessing = 0;
		};
		3DB8B9BA1A9282E200D2261A /* Resources */ = {
			isa = PBXResourcesBuildPhase;
			buildActionMask = 2147483647;
			files = (
			);
			runOnlyForDeploymentPostprocessing = 0;
		};
/* End PBXResourcesBuildPhase section */

/* Begin PBXSourcesBuildPhase section */
		3DB8B9A31A9282E100D2261A /* Sources */ = {
			isa = PBXSourcesBuildPhase;
			buildActionMask = 2147483647;
			files = (
				3DB8B9AF1A9282E200D2261A /* ViewController.swift in Sources */,
				3DB8B9AD1A9282E200D2261A /* AppDelegate.swift in Sources */,
			);
			runOnlyForDeploymentPostprocessing = 0;
		};
		3DB8B9B81A9282E200D2261A /* Sources */ = {
			isa = PBXSourcesBuildPhase;
			buildActionMask = 2147483647;
			files = (
				3DB8B9C31A9282E200D2261A /* EventtusTestTests.swift in Sources */,
			);
			runOnlyForDeploymentPostprocessing = 0;
		};
/* End PBXSourcesBuildPhase section */

/* Begin PBXTargetDependency section */
		3DB8B9BE1A9282E200D2261A /* PBXTargetDependency */ = {
			isa = PBXTargetDependency;
			target = 3DB8B9A61A9282E100D2261A /* EventtusTest */;
			targetProxy = 3DB8B9BD1A9282E200D2261A /* PBXContainerItemProxy */;
		};
/* End PBXTargetDependency section */

/* Begin PBXVariantGroup section */
		3DB8B9B01A9282E200D2261A /* Main.storyboard */ = {
			isa = PBXVariantGroup;
			children = (
				3DB8B9B11A9282E200D2261A /* Base */,
			);
			name = Main.storyboard;
			sourceTree = "<group>";
		};
		3DB8B9B51A9282E200D2261A /* LaunchScreen.xib */ = {
			isa = PBXVariantGroup;
			children = (
				3DB8B9B61A9282E200D2261A /* Base */,
			);
			name = LaunchScreen.xib;
			sourceTree = "<group>";
		};
/* End PBXVariantGroup section */

/* Begin XCBuildConfiguration section */
		3DB8B9C41A9282E200D2261A /* Debug */ = {
			isa = XCBuildConfiguration;
			buildSettings = {
				ALWAYS_SEARCH_USER_PATHS = NO;
				CLANG_CXX_LANGUAGE_STANDARD = "gnu++0x";
				CLANG_CXX_LIBRARY = "libc++";
				CLANG_ENABLE_MODULES = YES;
				CLANG_ENABLE_OBJC_ARC = YES;
				CLANG_WARN_BOOL_CONVERSION = YES;
				CLANG_WARN_CONSTANT_CONVERSION = YES;
				CLANG_WARN_DIRECT_OBJC_ISA_USAGE = YES_ERROR;
				CLANG_WARN_EMPTY_BODY = YES;
				CLANG_WARN_ENUM_CONVERSION = YES;
				CLANG_WARN_INT_CONVERSION = YES;
				CLANG_WARN_OBJC_ROOT_CLASS = YES_ERROR;
				CLANG_WARN_UNREACHABLE_CODE = YES;
				CLANG_WARN__DUPLICATE_METHOD_MATCH = YES;
				"CODE_SIGN_IDENTITY[sdk=iphoneos*]" = "iPhone Developer";
				COPY_PHASE_STRIP = NO;
				ENABLE_STRICT_OBJC_MSGSEND = YES;
				GCC_C_LANGUAGE_STANDARD = gnu99;
				GCC_DYNAMIC_NO_PIC = NO;
				GCC_OPTIMIZATION_LEVEL = 0;
				GCC_PREPROCESSOR_DEFINITIONS = (
					"DEBUG=1",
					"$(inherited)",
				);
				GCC_SYMBOLS_PRIVATE_EXTERN = NO;
				GCC_WARN_64_TO_32_BIT_CONVERSION = YES;
				GCC_WARN_ABOUT_RETURN_TYPE = YES_ERROR;
				GCC_WARN_UNDECLARED_SELECTOR = YES;
				GCC_WARN_UNINITIALIZED_AUTOS = YES_AGGRESSIVE;
				GCC_WARN_UNUSED_FUNCTION = YES;
				GCC_WARN_UNUSED_VARIABLE = YES;
				IPHONEOS_DEPLOYMENT_TARGET = 8.1;
				MTL_ENABLE_DEBUG_INFO = YES;
				ONLY_ACTIVE_ARCH = YES;
				SDKROOT = iphoneos;
				SWIFT_OPTIMIZATION_LEVEL = "-Onone";
			};
			name = Debug;
		};
		3DB8B9C51A9282E200D2261A /* Release */ = {
			isa = XCBuildConfiguration;
			buildSettings = {
				ALWAYS_SEARCH_USER_PATHS = NO;
				CLANG_CXX_LANGUAGE_STANDARD = "gnu++0x";
				CLANG_CXX_LIBRARY = "libc++";
				CLANG_ENABLE_MODULES = YES;
				CLANG_ENABLE_OBJC_ARC = YES;
				CLANG_WARN_BOOL_CONVERSION = YES;
				CLANG_WARN_CONSTANT_CONVERSION = YES;
				CLANG_WARN_DIRECT_OBJC_ISA_USAGE = YES_ERROR;
				CLANG_WARN_EMPTY_BODY = YES;
				CLANG_WARN_ENUM_CONVERSION = YES;
				CLANG_WARN_INT_CONVERSION = YES;
				CLANG_WARN_OBJC_ROOT_CLASS = YES_ERROR;
				CLANG_WARN_UNREACHABLE_CODE = YES;
				CLANG_WARN__DUPLICATE_METHOD_MATCH = YES;
				"CODE_SIGN_IDENTITY[sdk=iphoneos*]" = "iPhone Developer";
				COPY_PHASE_STRIP = YES;
				ENABLE_NS_ASSERTIONS = NO;
				ENABLE_STRICT_OBJC_MSGSEND = YES;
				GCC_C_LANGUAGE_STANDARD = gnu99;
				GCC_WARN_64_TO_32_BIT_CONVERSION = YES;
				GCC_WARN_ABOUT_RETURN_TYPE = YES_ERROR;
				GCC_WARN_UNDECLARED_SELECTOR = YES;
				GCC_WARN_UNINITIALIZED_AUTOS = YES_AGGRESSIVE;
				GCC_WARN_UNUSED_FUNCTION = YES;
				GCC_WARN_UNUSED_VARIABLE = YES;
				IPHONEOS_DEPLOYMENT_TARGET = 8.1;
				MTL_ENABLE_DEBUG_INFO = NO;
				SDKROOT = iphoneos;
				VALIDATE_PRODUCT = YES;
			};
			name = Release;
		};
		3DB8B9C71A9282E200D2261A /* Debug */ = {
			isa = XCBuildConfiguration;
			buildSettings = {
				ASSETCATALOG_COMPILER_APPICON_NAME = AppIcon;
				INFOPLIST_FILE = EventtusTest/Info.plist;
				LD_RUNPATH_SEARCH_PATHS = "$(inherited) @executable_path/Frameworks";
				PRODUCT_NAME = "$(TARGET_NAME)";
			};
			name = Debug;
		};
		3DB8B9C81A9282E200D2261A /* Release */ = {
			isa = XCBuildConfiguration;
			buildSettings = {
				ASSETCATALOG_COMPILER_APPICON_NAME = AppIcon;
				INFOPLIST_FILE = EventtusTest/Info.plist;
				LD_RUNPATH_SEARCH_PATHS = "$(inherited) @executable_path/Frameworks";
				PRODUCT_NAME = "$(TARGET_NAME)";
			};
			name = Release;
		};
		3DB8B9CA1A9282E200D2261A /* Debug */ = {
			isa = XCBuildConfiguration;
			buildSettings = {
				BUNDLE_LOADER = "$(TEST_HOST)";
				FRAMEWORK_SEARCH_PATHS = (
					"$(SDKROOT)/Developer/Library/Frameworks",
					"$(inherited)",
				);
				GCC_PREPROCESSOR_DEFINITIONS = (
					"DEBUG=1",
					"$(inherited)",
				);
				INFOPLIST_FILE = EventtusTestTests/Info.plist;
				LD_RUNPATH_SEARCH_PATHS = "$(inherited) @executable_path/Frameworks @loader_path/Frameworks";
				PRODUCT_NAME = "$(TARGET_NAME)";
				TEST_HOST = "$(BUILT_PRODUCTS_DIR)/EventtusTest.app/EventtusTest";
			};
			name = Debug;
		};
		3DB8B9CB1A9282E200D2261A /* Release */ = {
			isa = XCBuildConfiguration;
			buildSettings = {
				BUNDLE_LOADER = "$(TEST_HOST)";
				FRAMEWORK_SEARCH_PATHS = (
					"$(SDKROOT)/Developer/Library/Frameworks",
					"$(inherited)",
				);
				INFOPLIST_FILE = EventtusTestTests/Info.plist;
				LD_RUNPATH_SEARCH_PATHS = "$(inherited) @executable_path/Frameworks @loader_path/Frameworks";
				PRODUCT_NAME = "$(TARGET_NAME)";
				TEST_HOST = "$(BUILT_PRODUCTS_DIR)/EventtusTest.app/EventtusTest";
			};
			name = Release;
		};
/* End XCBuildConfiguration section */

/* Begin XCConfigurationList section */
		3DB8B9A21A9282E100D2261A /* Build configuration list for PBXProject "EventtusTest" */ = {
			isa = XCConfigurationList;
			buildConfigurations = (
				3DB8B9C41A9282E200D2261A /* Debug */,
				3DB8B9C51A9282E200D2261A /* Release */,
			);
			defaultConfigurationIsVisible = 0;
			defaultConfigurationName = Release;
		};
		3DB8B9C61A9282E200D2261A /* Build configuration list for PBXNativeTarget "EventtusTest" */ = {
			isa = XCConfigurationList;
			buildConfigurations = (
				3DB8B9C71A9282E200D2261A /* Debug */,
				3DB8B9C81A9282E200D2261A /* Release */,
			);
			defaultConfigurationIsVisible = 0;
		};
		3DB8B9C91A9282E200D2261A /* Build configuration list for PBXNativeTarget "EventtusTestTests" */ = {
			isa = XCConfigurationList;
			buildConfigurations = (
				3DB8B9CA1A9282E200D2261A /* Debug */,
				3DB8B9CB1A9282E200D2261A /* Release */,
			);
			defaultConfigurationIsVisible = 0;
		};
/* End XCConfigurationList section */
	};
	rootObject = 3DB8B99F1A9282E100D2261A /* Project object */;
}
